// !$*UTF8*$!
{
	archiveVersion = 1;
	classes = {
	};
	objectVersion = 50;
	objects = {

/* Begin PBXBuildFile section */
		3A1B31912631A2C90068816A /* CollapsibleHStack.swift in Sources */ = {isa = PBXBuildFile; fileRef = 3A1B31902631A2C90068816A /* CollapsibleHStack.swift */; };
		3A1B31962631A4430068816A /* TextView.swift in Sources */ = {isa = PBXBuildFile; fileRef = 3A1B31952631A4430068816A /* TextView.swift */; };
		3A1B31992631A50B0068816A /* ColorfulSquare.swift in Sources */ = {isa = PBXBuildFile; fileRef = 3A1B31982631A50B0068816A /* ColorfulSquare.swift */; };
		3A1B31A12631A7EC0068816A /* BadgeView.swift in Sources */ = {isa = PBXBuildFile; fileRef = 3A1B31A02631A7EC0068816A /* BadgeView.swift */; };
		3A3C0018262B5F4C0003DDCA /* Chapter4App.swift in Sources */ = {isa = PBXBuildFile; fileRef = 3A3C0017262B5F4C0003DDCA /* Chapter4App.swift */; };
		3A3C001A262B5F4C0003DDCA /* ContentView.swift in Sources */ = {isa = PBXBuildFile; fileRef = 3A3C0019262B5F4C0003DDCA /* ContentView.swift */; };
		3A3C001C262B5F4C0003DDCA /* Assets.xcassets in Resources */ = {isa = PBXBuildFile; fileRef = 3A3C001B262B5F4C0003DDCA /* Assets.xcassets */; };
		3A3C001F262B5F4C0003DDCA /* Preview Assets.xcassets in Resources */ = {isa = PBXBuildFile; fileRef = 3A3C001E262B5F4C0003DDCA /* Preview Assets.xcassets */; };
		3A6203F42634AB2D008775A6 /* View+Circle.swift in Sources */ = {isa = PBXBuildFile; fileRef = 3A6203F32634AB2D008775A6 /* View+Circle.swift */; };
		3AB524642631114F00A1BB80 /* Collapsible.swift in Sources */ = {isa = PBXBuildFile; fileRef = 3AB524622631114F00A1BB80 /* Collapsible.swift */; };
/* End PBXBuildFile section */

/* Begin PBXFileReference section */
		3A1B31902631A2C90068816A /* CollapsibleHStack.swift */ = {isa = PBXFileReference; lastKnownFileType = sourcecode.swift; path = CollapsibleHStack.swift; sourceTree = "<group>"; };
		3A1B31952631A4430068816A /* TextView.swift */ = {isa = PBXFileReference; lastKnownFileType = sourcecode.swift; path = TextView.swift; sourceTree = "<group>"; };
		3A1B31982631A50B0068816A /* ColorfulSquare.swift */ = {isa = PBXFileReference; lastKnownFileType = sourcecode.swift; path = ColorfulSquare.swift; sourceTree = "<group>"; };
		3A1B31A02631A7EC0068816A /* BadgeView.swift */ = {isa = PBXFileReference; lastKnownFileType = sourcecode.swift; path = BadgeView.swift; sourceTree = "<group>"; };
		3A3C0014262B5F4C0003DDCA /* Chapter4.app */ = {isa = PBXFileReference; explicitFileType = wrapper.application; includeInIndex = 0; path = Chapter4.app; sourceTree = BUILT_PRODUCTS_DIR; };
		3A3C0017262B5F4C0003DDCA /* Chapter4App.swift */ = {isa = PBXFileReference; lastKnownFileType = sourcecode.swift; path = Chapter4App.swift; sourceTree = "<group>"; };
		3A3C0019262B5F4C0003DDCA /* ContentView.swift */ = {isa = PBXFileReference; lastKnownFileType = sourcecode.swift; path = ContentView.swift; sourceTree = "<group>"; };
		3A3C001B262B5F4C0003DDCA /* Assets.xcassets */ = {isa = PBXFileReference; lastKnownFileType = folder.assetcatalog; path = Assets.xcassets; sourceTree = "<group>"; };
		3A3C001E262B5F4C0003DDCA /* Preview Assets.xcassets */ = {isa = PBXFileReference; lastKnownFileType = folder.assetcatalog; path = "Preview Assets.xcassets"; sourceTree = "<group>"; };
		3A3C0020262B5F4C0003DDCA /* Info.plist */ = {isa = PBXFileReference; lastKnownFileType = text.plist.xml; path = Info.plist; sourceTree = "<group>"; };
		3A6203F32634AB2D008775A6 /* View+Circle.swift */ = {isa = PBXFileReference; lastKnownFileType = sourcecode.swift; path = "View+Circle.swift"; sourceTree = "<group>"; };
		3AB524622631114F00A1BB80 /* Collapsible.swift */ = {isa = PBXFileReference; fileEncoding = 4; lastKnownFileType = sourcecode.swift; path = Collapsible.swift; sourceTree = "<group>"; };
/* End PBXFileReference section */

/* Begin PBXFrameworksBuildPhase section */
		3A3C0011262B5F4C0003DDCA /* Frameworks */ = {
			isa = PBXFrameworksBuildPhase;
			buildActionMask = 2147483647;
			files = (
			);
			runOnlyForDeploymentPostprocessing = 0;
		};
/* End PBXFrameworksBuildPhase section */

/* Begin PBXGroup section */
		3A1B318F2631A2A90068816A /* CollapsibleHStack */ = {
			isa = PBXGroup;
			children = (
				3AB524622631114F00A1BB80 /* Collapsible.swift */,
				3A1B31902631A2C90068816A /* CollapsibleHStack.swift */,
				3A1B31982631A50B0068816A /* ColorfulSquare.swift */,
			);
			path = CollapsibleHStack;
			sourceTree = "<group>";
		};
		3A1B31942631A42C0068816A /* Badge */ = {
			isa = PBXGroup;
			children = (
				3A1B31A02631A7EC0068816A /* BadgeView.swift */,
				3A1B31952631A4430068816A /* TextView.swift */,
				3A6203F32634AB2D008775A6 /* View+Circle.swift */,
			);
			path = Badge;
			sourceTree = "<group>";
		};
		3A3C000B262B5F4C0003DDCA = {
			isa = PBXGroup;
			children = (
				3A3C0016262B5F4C0003DDCA /* Chapter4 */,
				3A3C0015262B5F4C0003DDCA /* Products */,
			);
			sourceTree = "<group>";
		};
		3A3C0015262B5F4C0003DDCA /* Products */ = {
			isa = PBXGroup;
			children = (
				3A3C0014262B5F4C0003DDCA /* Chapter4.app */,
			);
			name = Products;
			sourceTree = "<group>";
		};
		3A3C0016262B5F4C0003DDCA /* Chapter4 */ = {
			isa = PBXGroup;
			children = (
				3A1B31942631A42C0068816A /* Badge */,
				3A1B318F2631A2A90068816A /* CollapsibleHStack */,
				3A3C0017262B5F4C0003DDCA /* Chapter4App.swift */,
				3A3C0019262B5F4C0003DDCA /* ContentView.swift */,
				3A3C001B262B5F4C0003DDCA /* Assets.xcassets */,
				3A3C0020262B5F4C0003DDCA /* Info.plist */,
				3A3C001D262B5F4C0003DDCA /* Preview Content */,
			);
			path = Chapter4;
			sourceTree = "<group>";
		};
		3A3C001D262B5F4C0003DDCA /* Preview Content */ = {
			isa = PBXGroup;
			children = (
				3A3C001E262B5F4C0003DDCA /* Preview Assets.xcassets */,
			);
			path = "Preview Content";
			sourceTree = "<group>";
		};
/* End PBXGroup section */

/* Begin PBXNativeTarget section */
		3A3C0013262B5F4C0003DDCA /* Chapter4 */ = {
			isa = PBXNativeTarget;
			buildConfigurationList = 3A3C0023262B5F4C0003DDCA /* Build configuration list for PBXNativeTarget "Chapter4" */;
			buildPhases = (
				3A3C0010262B5F4C0003DDCA /* Sources */,
				3A3C0011262B5F4C0003DDCA /* Frameworks */,
				3A3C0012262B5F4C0003DDCA /* Resources */,
			);
			buildRules = (
			);
			dependencies = (
			);
			name = Chapter4;
			productName = Chapter4;
			productReference = 3A3C0014262B5F4C0003DDCA /* Chapter4.app */;
			productType = "com.apple.product-type.application";
		};
/* End PBXNativeTarget section */

/* Begin PBXProject section */
		3A3C000C262B5F4C0003DDCA /* Project object */ = {
			isa = PBXProject;
			attributes = {
				LastSwiftUpdateCheck = 1230;
				LastUpgradeCheck = 1230;
				TargetAttributes = {
					3A3C0013262B5F4C0003DDCA = {
						CreatedOnToolsVersion = 12.3;
					};
				};
			};
			buildConfigurationList = 3A3C000F262B5F4C0003DDCA /* Build configuration list for PBXProject "Chapter4" */;
			compatibilityVersion = "Xcode 9.3";
			developmentRegion = en;
			hasScannedForEncodings = 0;
			knownRegions = (
				en,
				Base,
			);
			mainGroup = 3A3C000B262B5F4C0003DDCA;
			productRefGroup = 3A3C0015262B5F4C0003DDCA /* Products */;
			projectDirPath = "";
			projectRoot = "";
			targets = (
				3A3C0013262B5F4C0003DDCA /* Chapter4 */,
			);
		};
/* End PBXProject section */

/* Begin PBXResourcesBuildPhase section */
		3A3C0012262B5F4C0003DDCA /* Resources */ = {
			isa = PBXResourcesBuildPhase;
			buildActionMask = 2147483647;
			files = (
				3A3C001F262B5F4C0003DDCA /* Preview Assets.xcassets in Resources */,
				3A3C001C262B5F4C0003DDCA /* Assets.xcassets in Resources */,
			);
			runOnlyForDeploymentPostprocessing = 0;
		};
/* End PBXResourcesBuildPhase section */

/* Begin PBXSourcesBuildPhase section */
		3A3C0010262B5F4C0003DDCA /* Sources */ = {
			isa = PBXSourcesBuildPhase;
			buildActionMask = 2147483647;
			files = (
				3A3C001A262B5F4C0003DDCA /* ContentView.swift in Sources */,
				3A1B31A12631A7EC0068816A /* BadgeView.swift in Sources */,
				3A6203F42634AB2D008775A6 /* View+Circle.swift in Sources */,
				3A1B31962631A4430068816A /* TextView.swift in Sources */,
				3A3C0018262B5F4C0003DDCA /* Chapter4App.swift in Sources */,
				3A1B31912631A2C90068816A /* CollapsibleHStack.swift in Sources */,
				3A1B31992631A50B0068816A /* ColorfulSquare.swift in Sources */,
				3AB524642631114F00A1BB80 /* Collapsible.swift in Sources */,
			);
			runOnlyForDeploymentPostprocessing = 0;
		};
/* End PBXSourcesBuildPhase section */

/* Begin XCBuildConfiguration section */
		3A3C0021262B5F4C0003DDCA /* Debug */ = {
			isa = XCBuildConfiguration;
			buildSettings = {
				ALWAYS_SEARCH_USER_PATHS = NO;
				CLANG_ANALYZER_NONNULL = YES;
				CLANG_ANALYZER_NUMBER_OBJECT_CONVERSION = YES_AGGRESSIVE;
				CLANG_CXX_LANGUAGE_STANDARD = "gnu++14";
				CLANG_CXX_LIBRARY = "libc++";
				CLANG_ENABLE_MODULES = YES;
				CLANG_ENABLE_OBJC_ARC = YES;
				CLANG_ENABLE_OBJC_WEAK = YES;
				CLANG_WARN_BLOCK_CAPTURE_AUTORELEASING = YES;
				CLANG_WARN_BOOL_CONVERSION = YES;
				CLANG_WARN_COMMA = YES;
				CLANG_WARN_CONSTANT_CONVERSION = YES;
				CLANG_WARN_DEPRECATED_OBJC_IMPLEMENTATIONS = YES;
				CLANG_WARN_DIRECT_OBJC_ISA_USAGE = YES_ERROR;
				CLANG_WARN_DOCUMENTATION_COMMENTS = YES;
				CLANG_WARN_EMPTY_BODY = YES;
				CLANG_WARN_ENUM_CONVERSION = YES;
				CLANG_WARN_INFINITE_RECURSION = YES;
				CLANG_WARN_INT_CONVERSION = YES;
				CLANG_WARN_NON_LITERAL_NULL_CONVERSION = YES;
				CLANG_WARN_OBJC_IMPLICIT_RETAIN_SELF = YES;
				CLANG_WARN_OBJC_LITERAL_CONVERSION = YES;
				CLANG_WARN_OBJC_ROOT_CLASS = YES_ERROR;
				CLANG_WARN_QUOTED_INCLUDE_IN_FRAMEWORK_HEADER = YES;
				CLANG_WARN_RANGE_LOOP_ANALYSIS = YES;
				CLANG_WARN_STRICT_PROTOTYPES = YES;
				CLANG_WARN_SUSPICIOUS_MOVE = YES;
				CLANG_WARN_UNGUARDED_AVAILABILITY = YES_AGGRESSIVE;
				CLANG_WARN_UNREACHABLE_CODE = YES;
				CLANG_WARN__DUPLICATE_METHOD_MATCH = YES;
				COPY_PHASE_STRIP = NO;
				DEBUG_INFORMATION_FORMAT = dwarf;
				ENABLE_STRICT_OBJC_MSGSEND = YES;
				ENABLE_TESTABILITY = YES;
				GCC_C_LANGUAGE_STANDARD = gnu11;
				GCC_DYNAMIC_NO_PIC = NO;
				GCC_NO_COMMON_BLOCKS = YES;
				GCC_OPTIMIZATION_LEVEL = 0;
				GCC_PREPROCESSOR_DEFINITIONS = (
					"DEBUG=1",
					"$(inherited)",
				);
				GCC_WARN_64_TO_32_BIT_CONVERSION = YES;
				GCC_WARN_ABOUT_RETURN_TYPE = YES_ERROR;
				GCC_WARN_UNDECLARED_SELECTOR = YES;
				GCC_WARN_UNINITIALIZED_AUTOS = YES_AGGRESSIVE;
				GCC_WARN_UNUSED_FUNCTION = YES;
				GCC_WARN_UNUSED_VARIABLE = YES;
				IPHONEOS_DEPLOYMENT_TARGET = 14.3;
				MTL_ENABLE_DEBUG_INFO = INCLUDE_SOURCE;
				MTL_FAST_MATH = YES;
				ONLY_ACTIVE_ARCH = YES;
				SDKROOT = iphoneos;
				SWIFT_ACTIVE_COMPILATION_CONDITIONS = DEBUG;
				SWIFT_OPTIMIZATION_LEVEL = "-Onone";
			};
			name = Debug;
		};
		3A3C0022262B5F4C0003DDCA /* Release */ = {
			isa = XCBuildConfiguration;
			buildSettings = {
				ALWAYS_SEARCH_USER_PATHS = NO;
				CLANG_ANALYZER_NONNULL = YES;
				CLANG_ANALYZER_NUMBER_OBJECT_CONVERSION = YES_AGGRESSIVE;
				CLANG_CXX_LANGUAGE_STANDARD = "gnu++14";
				CLANG_CXX_LIBRARY = "libc++";
				CLANG_ENABLE_MODULES = YES;
				CLANG_ENABLE_OBJC_ARC = YES;
				CLANG_ENABLE_OBJC_WEAK = YES;
				CLANG_WARN_BLOCK_CAPTURE_AUTORELEASING = YES;
				CLANG_WARN_BOOL_CONVERSION = YES;
				CLANG_WARN_COMMA = YES;
				CLANG_WARN_CONSTANT_CONVERSION = YES;
				CLANG_WARN_DEPRECATED_OBJC_IMPLEMENTATIONS = YES;
				CLANG_WARN_DIRECT_OBJC_ISA_USAGE = YES_ERROR;
				CLANG_WARN_DOCUMENTATION_COMMENTS = YES;
				CLANG_WARN_EMPTY_BODY = YES;
				CLANG_WARN_ENUM_CONVERSION = YES;
				CLANG_WARN_INFINITE_RECURSION = YES;
				CLANG_WARN_INT_CONVERSION = YES;
				CLANG_WARN_NON_LITERAL_NULL_CONVERSION = YES;
				CLANG_WARN_OBJC_IMPLICIT_RETAIN_SELF = YES;
				CLANG_WARN_OBJC_LITERAL_CONVERSION = YES;
				CLANG_WARN_OBJC_ROOT_CLASS = YES_ERROR;
				CLANG_WARN_QUOTED_INCLUDE_IN_FRAMEWORK_HEADER = YES;
				CLANG_WARN_RANGE_LOOP_ANALYSIS = YES;
				CLANG_WARN_STRICT_PROTOTYPES = YES;
				CLANG_WARN_SUSPICIOUS_MOVE = YES;
				CLANG_WARN_UNGUARDED_AVAILABILITY = YES_AGGRESSIVE;
				CLANG_WARN_UNREACHABLE_CODE = YES;
				CLANG_WARN__DUPLICATE_METHOD_MATCH = YES;
				COPY_PHASE_STRIP = NO;
				DEBUG_INFORMATION_FORMAT = "dwarf-with-dsym";
				ENABLE_NS_ASSERTIONS = NO;
				ENABLE_STRICT_OBJC_MSGSEND = YES;
				GCC_C_LANGUAGE_STANDARD = gnu11;
				GCC_NO_COMMON_BLOCKS = YES;
				GCC_WARN_64_TO_32_BIT_CONVERSION = YES;
				GCC_WARN_ABOUT_RETURN_TYPE = YES_ERROR;
				GCC_WARN_UNDECLARED_SELECTOR = YES;
				GCC_WARN_UNINITIALIZED_AUTOS = YES_AGGRESSIVE;
				GCC_WARN_UNUSED_FUNCTION = YES;
				GCC_WARN_UNUSED_VARIABLE = YES;
				IPHONEOS_DEPLOYMENT_TARGET = 14.3;
				MTL_ENABLE_DEBUG_INFO = NO;
				MTL_FAST_MATH = YES;
				SDKROOT = iphoneos;
				SWIFT_COMPILATION_MODE = wholemodule;
				SWIFT_OPTIMIZATION_LEVEL = "-O";
				VALIDATE_PRODUCT = YES;
			};
			name = Release;
		};
		3A3C0024262B5F4C0003DDCA /* Debug */ = {
			isa = XCBuildConfiguration;
			buildSettings = {
				ASSETCATALOG_COMPILER_APPICON_NAME = AppIcon;
				ASSETCATALOG_COMPILER_GLOBAL_ACCENT_COLOR_NAME = AccentColor;
				CODE_SIGN_STYLE = Automatic;
				DEVELOPMENT_ASSET_PATHS = "\"Chapter4/Preview Content\"";
				ENABLE_PREVIEWS = YES;
				INFOPLIST_FILE = Chapter4/Info.plist;
				IPHONEOS_DEPLOYMENT_TARGET = 14.0;
				LD_RUNPATH_SEARCH_PATHS = (
					"$(inherited)",
					"@executable_path/Frameworks",
				);
				PRODUCT_BUNDLE_IDENTIFIER = favinha.Chapter4;
				PRODUCT_NAME = "$(TARGET_NAME)";
				SWIFT_VERSION = 5.0;
				TARGETED_DEVICE_FAMILY = "1,2";
			};
			name = Debug;
		};
		3A3C0025262B5F4C0003DDCA /* Release */ = {
			isa = XCBuildConfiguration;
			buildSettings = {
				ASSETCATALOG_COMPILER_APPICON_NAME = AppIcon;
				ASSETCATALOG_COMPILER_GLOBAL_ACCENT_COLOR_NAME = AccentColor;
				CODE_SIGN_STYLE = Automatic;
				DEVELOPMENT_ASSET_PATHS = "\"Chapter4/Preview Content\"";
				ENABLE_PREVIEWS = YES;
				INFOPLIST_FILE = Chapter4/Info.plist;
				IPHONEOS_DEPLOYMENT_TARGET = 14.0;
				LD_RUNPATH_SEARCH_PATHS = (
					"$(inherited)",
					"@executable_path/Frameworks",
				);
				PRODUCT_BUNDLE_IDENTIFIER = favinha.Chapter4;
				PRODUCT_NAME = "$(TARGET_NAME)";
				SWIFT_VERSION = 5.0;
				TARGETED_DEVICE_FAMILY = "1,2";
			};
			name = Release;
		};
/* End XCBuildConfiguration section */

/* Begin XCConfigurationList section */
		3A3C000F262B5F4C0003DDCA /* Build configuration list for PBXProject "Chapter4" */ = {
			isa = XCConfigurationList;
			buildConfigurations = (
				3A3C0021262B5F4C0003DDCA /* Debug */,
				3A3C0022262B5F4C0003DDCA /* Release */,
			);
			defaultConfigurationIsVisible = 0;
			defaultConfigurationName = Release;
		};
		3A3C0023262B5F4C0003DDCA /* Build configuration list for PBXNativeTarget "Chapter4" */ = {
			isa = XCConfigurationList;
			buildConfigurations = (
				3A3C0024262B5F4C0003DDCA /* Debug */,
				3A3C0025262B5F4C0003DDCA /* Release */,
			);
			defaultConfigurationIsVisible = 0;
			defaultConfigurationName = Release;
		};
/* End XCConfigurationList section */
	};
	rootObject = 3A3C000C262B5F4C0003DDCA /* Project object */;
}
