// !$*UTF8*$!
{
	archiveVersion = 1;
	classes = {
	};
	objectVersion = 50;
	objects = {

/* Begin PBXBuildFile section */
		3A7B3FA7261A9ED0005D15FB /* ImageFetcherApp.swift in Sources */ = {isa = PBXBuildFile; fileRef = 3A7B3FA6261A9ED0005D15FB /* ImageFetcherApp.swift */; };
		3A7B3FA9261A9ED0005D15FB /* ContentView.swift in Sources */ = {isa = PBXBuildFile; fileRef = 3A7B3FA8261A9ED0005D15FB /* ContentView.swift */; };
		3A7B3FAB261A9ED1005D15FB /* Assets.xcassets in Resources */ = {isa = PBXBuildFile; fileRef = 3A7B3FAA261A9ED1005D15FB /* Assets.xcassets */; };
		3A7B3FAE261A9ED1005D15FB /* Preview Assets.xcassets in Resources */ = {isa = PBXBuildFile; fileRef = 3A7B3FAD261A9ED1005D15FB /* Preview Assets.xcassets */; };
		3A7B3FB7261A9EE7005D15FB /* Photo.swift in Sources */ = {isa = PBXBuildFile; fileRef = 3A7B3FB6261A9EE7005D15FB /* Photo.swift */; };
		3A7B3FBB261AA0CA005D15FB /* PhotoView.swift in Sources */ = {isa = PBXBuildFile; fileRef = 3A7B3FBA261AA0CA005D15FB /* PhotoView.swift */; };
		3A7B3FBE261AA0DE005D15FB /* AuthorView.swift in Sources */ = {isa = PBXBuildFile; fileRef = 3A7B3FBD261AA0DE005D15FB /* AuthorView.swift */; };
		3AD0CBA0261DDEB40071005B /* ViewState.swift in Sources */ = {isa = PBXBuildFile; fileRef = 3AD0CB9F261DDEB40071005B /* ViewState.swift */; };
		3ADAD574261B3C8D0045913A /* Remote.swift in Sources */ = {isa = PBXBuildFile; fileRef = 3ADAD573261B3C8C0045913A /* Remote.swift */; };
/* End PBXBuildFile section */

/* Begin PBXFileReference section */
		3A7B3FA3261A9ED0005D15FB /* ImageFetcher.app */ = {isa = PBXFileReference; explicitFileType = wrapper.application; includeInIndex = 0; path = ImageFetcher.app; sourceTree = BUILT_PRODUCTS_DIR; };
		3A7B3FA6261A9ED0005D15FB /* ImageFetcherApp.swift */ = {isa = PBXFileReference; lastKnownFileType = sourcecode.swift; path = ImageFetcherApp.swift; sourceTree = "<group>"; };
		3A7B3FA8261A9ED0005D15FB /* ContentView.swift */ = {isa = PBXFileReference; lastKnownFileType = sourcecode.swift; path = ContentView.swift; sourceTree = "<group>"; };
		3A7B3FAA261A9ED1005D15FB /* Assets.xcassets */ = {isa = PBXFileReference; lastKnownFileType = folder.assetcatalog; path = Assets.xcassets; sourceTree = "<group>"; };
		3A7B3FAD261A9ED1005D15FB /* Preview Assets.xcassets */ = {isa = PBXFileReference; lastKnownFileType = folder.assetcatalog; path = "Preview Assets.xcassets"; sourceTree = "<group>"; };
		3A7B3FAF261A9ED1005D15FB /* Info.plist */ = {isa = PBXFileReference; lastKnownFileType = text.plist.xml; path = Info.plist; sourceTree = "<group>"; };
		3A7B3FB6261A9EE7005D15FB /* Photo.swift */ = {isa = PBXFileReference; lastKnownFileType = sourcecode.swift; path = Photo.swift; sourceTree = "<group>"; };
		3A7B3FBA261AA0CA005D15FB /* PhotoView.swift */ = {isa = PBXFileReference; lastKnownFileType = sourcecode.swift; path = PhotoView.swift; sourceTree = "<group>"; };
		3A7B3FBD261AA0DE005D15FB /* AuthorView.swift */ = {isa = PBXFileReference; lastKnownFileType = sourcecode.swift; path = AuthorView.swift; sourceTree = "<group>"; };
		3AD0CB9F261DDEB40071005B /* ViewState.swift */ = {isa = PBXFileReference; lastKnownFileType = sourcecode.swift; path = ViewState.swift; sourceTree = "<group>"; };
		3ADAD573261B3C8C0045913A /* Remote.swift */ = {isa = PBXFileReference; lastKnownFileType = sourcecode.swift; path = Remote.swift; sourceTree = "<group>"; };
/* End PBXFileReference section */

/* Begin PBXFrameworksBuildPhase section */
		3A7B3FA0261A9ED0005D15FB /* Frameworks */ = {
			isa = PBXFrameworksBuildPhase;
			buildActionMask = 2147483647;
			files = (
			);
			runOnlyForDeploymentPostprocessing = 0;
		};
/* End PBXFrameworksBuildPhase section */

/* Begin PBXGroup section */
		3A7B3F9A261A9ED0005D15FB = {
			isa = PBXGroup;
			children = (
				3A7B3FA5261A9ED0005D15FB /* ImageFetcher */,
				3A7B3FA4261A9ED0005D15FB /* Products */,
			);
			sourceTree = "<group>";
		};
		3A7B3FA4261A9ED0005D15FB /* Products */ = {
			isa = PBXGroup;
			children = (
				3A7B3FA3261A9ED0005D15FB /* ImageFetcher.app */,
			);
			name = Products;
			sourceTree = "<group>";
		};
		3A7B3FA5261A9ED0005D15FB /* ImageFetcher */ = {
			isa = PBXGroup;
			children = (
				3A7B3FC0261AA0F2005D15FB /* Model */,
				3A7B3FB9261AA0BB005D15FB /* View */,
				3A7B3FA6261A9ED0005D15FB /* ImageFetcherApp.swift */,
				3A7B3FAA261A9ED1005D15FB /* Assets.xcassets */,
				3A7B3FAF261A9ED1005D15FB /* Info.plist */,
				3A7B3FAC261A9ED1005D15FB /* Preview Content */,
				3ADAD573261B3C8C0045913A /* Remote.swift */,
			);
			path = ImageFetcher;
			sourceTree = "<group>";
		};
		3A7B3FAC261A9ED1005D15FB /* Preview Content */ = {
			isa = PBXGroup;
			children = (
				3A7B3FAD261A9ED1005D15FB /* Preview Assets.xcassets */,
			);
			path = "Preview Content";
			sourceTree = "<group>";
		};
		3A7B3FB9261AA0BB005D15FB /* View */ = {
			isa = PBXGroup;
			children = (
				3A7B3FA8261A9ED0005D15FB /* ContentView.swift */,
				3A7B3FBA261AA0CA005D15FB /* PhotoView.swift */,
				3A7B3FBD261AA0DE005D15FB /* AuthorView.swift */,
				3AD0CB9F261DDEB40071005B /* ViewState.swift */,
			);
			path = View;
			sourceTree = "<group>";
		};
		3A7B3FC0261AA0F2005D15FB /* Model */ = {
			isa = PBXGroup;
			children = (
				3A7B3FB6261A9EE7005D15FB /* Photo.swift */,
			);
			path = Model;
			sourceTree = "<group>";
		};
/* End PBXGroup section */

/* Begin PBXNativeTarget section */
		3A7B3FA2261A9ED0005D15FB /* ImageFetcher */ = {
			isa = PBXNativeTarget;
			buildConfigurationList = 3A7B3FB2261A9ED1005D15FB /* Build configuration list for PBXNativeTarget "ImageFetcher" */;
			buildPhases = (
				3A7B3F9F261A9ED0005D15FB /* Sources */,
				3A7B3FA0261A9ED0005D15FB /* Frameworks */,
				3A7B3FA1261A9ED0005D15FB /* Resources */,
			);
			buildRules = (
			);
			dependencies = (
			);
			name = ImageFetcher;
			productName = ImageFetcher;
			productReference = 3A7B3FA3261A9ED0005D15FB /* ImageFetcher.app */;
			productType = "com.apple.product-type.application";
		};
/* End PBXNativeTarget section */

/* Begin PBXProject section */
		3A7B3F9B261A9ED0005D15FB /* Project object */ = {
			isa = PBXProject;
			attributes = {
				LastSwiftUpdateCheck = 1230;
				LastUpgradeCheck = 1230;
				TargetAttributes = {
					3A7B3FA2261A9ED0005D15FB = {
						CreatedOnToolsVersion = 12.3;
					};
				};
			};
			buildConfigurationList = 3A7B3F9E261A9ED0005D15FB /* Build configuration list for PBXProject "ImageFetcher" */;
			compatibilityVersion = "Xcode 9.3";
			developmentRegion = en;
			hasScannedForEncodings = 0;
			knownRegions = (
				en,
				Base,
			);
			mainGroup = 3A7B3F9A261A9ED0005D15FB;
			productRefGroup = 3A7B3FA4261A9ED0005D15FB /* Products */;
			projectDirPath = "";
			projectRoot = "";
			targets = (
				3A7B3FA2261A9ED0005D15FB /* ImageFetcher */,
			);
		};
/* End PBXProject section */

/* Begin PBXResourcesBuildPhase section */
		3A7B3FA1261A9ED0005D15FB /* Resources */ = {
			isa = PBXResourcesBuildPhase;
			buildActionMask = 2147483647;
			files = (
				3A7B3FAE261A9ED1005D15FB /* Preview Assets.xcassets in Resources */,
				3A7B3FAB261A9ED1005D15FB /* Assets.xcassets in Resources */,
			);
			runOnlyForDeploymentPostprocessing = 0;
		};
/* End PBXResourcesBuildPhase section */

/* Begin PBXSourcesBuildPhase section */
		3A7B3F9F261A9ED0005D15FB /* Sources */ = {
			isa = PBXSourcesBuildPhase;
			buildActionMask = 2147483647;
			files = (
				3A7B3FBE261AA0DE005D15FB /* AuthorView.swift in Sources */,
				3AD0CBA0261DDEB40071005B /* ViewState.swift in Sources */,
				3A7B3FB7261A9EE7005D15FB /* Photo.swift in Sources */,
				3A7B3FA9261A9ED0005D15FB /* ContentView.swift in Sources */,
				3A7B3FA7261A9ED0005D15FB /* ImageFetcherApp.swift in Sources */,
				3A7B3FBB261AA0CA005D15FB /* PhotoView.swift in Sources */,
				3ADAD574261B3C8D0045913A /* Remote.swift in Sources */,
			);
			runOnlyForDeploymentPostprocessing = 0;
		};
/* End PBXSourcesBuildPhase section */

/* Begin XCBuildConfiguration section */
		3A7B3FB0261A9ED1005D15FB /* Debug */ = {
			isa = XCBuildConfiguration;
			buildSettings = {
				ALWAYS_SEARCH_USER_PATHS = NO;
				CLANG_ANALYZER_NONNULL = YES;
				CLANG_ANALYZER_NUMBER_OBJECT_CONVERSION = YES_AGGRESSIVE;
				CLANG_CXX_LANGUAGE_STANDARD = "gnu++14";
				CLANG_CXX_LIBRARY = "libc++";
				CLANG_ENABLE_MODULES = YES;
				CLANG_ENABLE_OBJC_ARC = YES;
				CLANG_ENABLE_OBJC_WEAK = YES;
				CLANG_WARN_BLOCK_CAPTURE_AUTORELEASING = YES;
				CLANG_WARN_BOOL_CONVERSION = YES;
				CLANG_WARN_COMMA = YES;
				CLANG_WARN_CONSTANT_CONVERSION = YES;
				CLANG_WARN_DEPRECATED_OBJC_IMPLEMENTATIONS = YES;
				CLANG_WARN_DIRECT_OBJC_ISA_USAGE = YES_ERROR;
				CLANG_WARN_DOCUMENTATION_COMMENTS = YES;
				CLANG_WARN_EMPTY_BODY = YES;
				CLANG_WARN_ENUM_CONVERSION = YES;
				CLANG_WARN_INFINITE_RECURSION = YES;
				CLANG_WARN_INT_CONVERSION = YES;
				CLANG_WARN_NON_LITERAL_NULL_CONVERSION = YES;
				CLANG_WARN_OBJC_IMPLICIT_RETAIN_SELF = YES;
				CLANG_WARN_OBJC_LITERAL_CONVERSION = YES;
				CLANG_WARN_OBJC_ROOT_CLASS = YES_ERROR;
				CLANG_WARN_QUOTED_INCLUDE_IN_FRAMEWORK_HEADER = YES;
				CLANG_WARN_RANGE_LOOP_ANALYSIS = YES;
				CLANG_WARN_STRICT_PROTOTYPES = YES;
				CLANG_WARN_SUSPICIOUS_MOVE = YES;
				CLANG_WARN_UNGUARDED_AVAILABILITY = YES_AGGRESSIVE;
				CLANG_WARN_UNREACHABLE_CODE = YES;
				CLANG_WARN__DUPLICATE_METHOD_MATCH = YES;
				COPY_PHASE_STRIP = NO;
				DEBUG_INFORMATION_FORMAT = dwarf;
				ENABLE_STRICT_OBJC_MSGSEND = YES;
				ENABLE_TESTABILITY = YES;
				GCC_C_LANGUAGE_STANDARD = gnu11;
				GCC_DYNAMIC_NO_PIC = NO;
				GCC_NO_COMMON_BLOCKS = YES;
				GCC_OPTIMIZATION_LEVEL = 0;
				GCC_PREPROCESSOR_DEFINITIONS = (
					"DEBUG=1",
					"$(inherited)",
				);
				GCC_WARN_64_TO_32_BIT_CONVERSION = YES;
				GCC_WARN_ABOUT_RETURN_TYPE = YES_ERROR;
				GCC_WARN_UNDECLARED_SELECTOR = YES;
				GCC_WARN_UNINITIALIZED_AUTOS = YES_AGGRESSIVE;
				GCC_WARN_UNUSED_FUNCTION = YES;
				GCC_WARN_UNUSED_VARIABLE = YES;
				IPHONEOS_DEPLOYMENT_TARGET = 14.3;
				MTL_ENABLE_DEBUG_INFO = INCLUDE_SOURCE;
				MTL_FAST_MATH = YES;
				ONLY_ACTIVE_ARCH = YES;
				SDKROOT = iphoneos;
				SWIFT_ACTIVE_COMPILATION_CONDITIONS = DEBUG;
				SWIFT_OPTIMIZATION_LEVEL = "-Onone";
			};
			name = Debug;
		};
		3A7B3FB1261A9ED1005D15FB /* Release */ = {
			isa = XCBuildConfiguration;
			buildSettings = {
				ALWAYS_SEARCH_USER_PATHS = NO;
				CLANG_ANALYZER_NONNULL = YES;
				CLANG_ANALYZER_NUMBER_OBJECT_CONVERSION = YES_AGGRESSIVE;
				CLANG_CXX_LANGUAGE_STANDARD = "gnu++14";
				CLANG_CXX_LIBRARY = "libc++";
				CLANG_ENABLE_MODULES = YES;
				CLANG_ENABLE_OBJC_ARC = YES;
				CLANG_ENABLE_OBJC_WEAK = YES;
				CLANG_WARN_BLOCK_CAPTURE_AUTORELEASING = YES;
				CLANG_WARN_BOOL_CONVERSION = YES;
				CLANG_WARN_COMMA = YES;
				CLANG_WARN_CONSTANT_CONVERSION = YES;
				CLANG_WARN_DEPRECATED_OBJC_IMPLEMENTATIONS = YES;
				CLANG_WARN_DIRECT_OBJC_ISA_USAGE = YES_ERROR;
				CLANG_WARN_DOCUMENTATION_COMMENTS = YES;
				CLANG_WARN_EMPTY_BODY = YES;
				CLANG_WARN_ENUM_CONVERSION = YES;
				CLANG_WARN_INFINITE_RECURSION = YES;
				CLANG_WARN_INT_CONVERSION = YES;
				CLANG_WARN_NON_LITERAL_NULL_CONVERSION = YES;
				CLANG_WARN_OBJC_IMPLICIT_RETAIN_SELF = YES;
				CLANG_WARN_OBJC_LITERAL_CONVERSION = YES;
				CLANG_WARN_OBJC_ROOT_CLASS = YES_ERROR;
				CLANG_WARN_QUOTED_INCLUDE_IN_FRAMEWORK_HEADER = YES;
				CLANG_WARN_RANGE_LOOP_ANALYSIS = YES;
				CLANG_WARN_STRICT_PROTOTYPES = YES;
				CLANG_WARN_SUSPICIOUS_MOVE = YES;
				CLANG_WARN_UNGUARDED_AVAILABILITY = YES_AGGRESSIVE;
				CLANG_WARN_UNREACHABLE_CODE = YES;
				CLANG_WARN__DUPLICATE_METHOD_MATCH = YES;
				COPY_PHASE_STRIP = NO;
				DEBUG_INFORMATION_FORMAT = "dwarf-with-dsym";
				ENABLE_NS_ASSERTIONS = NO;
				ENABLE_STRICT_OBJC_MSGSEND = YES;
				GCC_C_LANGUAGE_STANDARD = gnu11;
				GCC_NO_COMMON_BLOCKS = YES;
				GCC_WARN_64_TO_32_BIT_CONVERSION = YES;
				GCC_WARN_ABOUT_RETURN_TYPE = YES_ERROR;
				GCC_WARN_UNDECLARED_SELECTOR = YES;
				GCC_WARN_UNINITIALIZED_AUTOS = YES_AGGRESSIVE;
				GCC_WARN_UNUSED_FUNCTION = YES;
				GCC_WARN_UNUSED_VARIABLE = YES;
				IPHONEOS_DEPLOYMENT_TARGET = 14.3;
				MTL_ENABLE_DEBUG_INFO = NO;
				MTL_FAST_MATH = YES;
				SDKROOT = iphoneos;
				SWIFT_COMPILATION_MODE = wholemodule;
				SWIFT_OPTIMIZATION_LEVEL = "-O";
				VALIDATE_PRODUCT = YES;
			};
			name = Release;
		};
		3A7B3FB3261A9ED1005D15FB /* Debug */ = {
			isa = XCBuildConfiguration;
			buildSettings = {
				ASSETCATALOG_COMPILER_APPICON_NAME = AppIcon;
				ASSETCATALOG_COMPILER_GLOBAL_ACCENT_COLOR_NAME = AccentColor;
				CODE_SIGN_STYLE = Automatic;
				DEVELOPMENT_ASSET_PATHS = "\"ImageFetcher/Preview Content\"";
				ENABLE_PREVIEWS = YES;
				INFOPLIST_FILE = ImageFetcher/Info.plist;
				IPHONEOS_DEPLOYMENT_TARGET = 14.0;
				LD_RUNPATH_SEARCH_PATHS = (
					"$(inherited)",
					"@executable_path/Frameworks",
				);
				PRODUCT_BUNDLE_IDENTIFIER = favinha.ImageFetcher;
				PRODUCT_NAME = "$(TARGET_NAME)";
				SWIFT_VERSION = 5.0;
				TARGETED_DEVICE_FAMILY = "1,2";
			};
			name = Debug;
		};
		3A7B3FB4261A9ED1005D15FB /* Release */ = {
			isa = XCBuildConfiguration;
			buildSettings = {
				ASSETCATALOG_COMPILER_APPICON_NAME = AppIcon;
				ASSETCATALOG_COMPILER_GLOBAL_ACCENT_COLOR_NAME = AccentColor;
				CODE_SIGN_STYLE = Automatic;
				DEVELOPMENT_ASSET_PATHS = "\"ImageFetcher/Preview Content\"";
				ENABLE_PREVIEWS = YES;
				INFOPLIST_FILE = ImageFetcher/Info.plist;
				IPHONEOS_DEPLOYMENT_TARGET = 14.0;
				LD_RUNPATH_SEARCH_PATHS = (
					"$(inherited)",
					"@executable_path/Frameworks",
				);
				PRODUCT_BUNDLE_IDENTIFIER = favinha.ImageFetcher;
				PRODUCT_NAME = "$(TARGET_NAME)";
				SWIFT_VERSION = 5.0;
				TARGETED_DEVICE_FAMILY = "1,2";
			};
			name = Release;
		};
/* End XCBuildConfiguration section */

/* Begin XCConfigurationList section */
		3A7B3F9E261A9ED0005D15FB /* Build configuration list for PBXProject "ImageFetcher" */ = {
			isa = XCConfigurationList;
			buildConfigurations = (
				3A7B3FB0261A9ED1005D15FB /* Debug */,
				3A7B3FB1261A9ED1005D15FB /* Release */,
			);
			defaultConfigurationIsVisible = 0;
			defaultConfigurationName = Release;
		};
		3A7B3FB2261A9ED1005D15FB /* Build configuration list for PBXNativeTarget "ImageFetcher" */ = {
			isa = XCConfigurationList;
			buildConfigurations = (
				3A7B3FB3261A9ED1005D15FB /* Debug */,
				3A7B3FB4261A9ED1005D15FB /* Release */,
			);
			defaultConfigurationIsVisible = 0;
			defaultConfigurationName = Release;
		};
/* End XCConfigurationList section */
	};
	rootObject = 3A7B3F9B261A9ED0005D15FB /* Project object */;
}
